
Microsoft Visual Studio Solution File, Format Version 12.00
# Visual Studio Version 16
VisualStudioVersion = 16.0.31605.320
MinimumVisualStudioVersion = 10.0.40219.1
Project("{FAE04EC0-301F-11D3-BF4B-00C04F79EFBC}") = "FindChipsScraper", "FindChipsScraper.csproj", "{B53EEE9E-9806-48DE-BC6C-1D13BAA940B6}"
EndProject
Global
	GlobalSection(SolutionConfigurationPlatforms) = preSolution
		Debug|Any CPU = Debug|Any CPU
		Release|Any CPU = Release|Any CPU
	EndGlobalSection
	GlobalSection(ProjectConfigurationPlatforms) = postSolution
		{B53EEE9E-9806-48DE-BC6C-1D13BAA940B6}.Debug|Any CPU.ActiveCfg = Debug|Any CPU
		{B53EEE9E-9806-48DE-BC6C-1D13BAA940B6}.Debug|Any CPU.Build.0 = Debug|Any CPU
		{B53EEE9E-9806-48DE-BC6C-1D13BAA940B6}.Release|Any CPU.ActiveCfg = Release|Any CPU
		{B53EEE9E-9806-48DE-BC6C-1D13BAA940B6}.Release|Any CPU.Build.0 = Release|Any CPU
	EndGlobalSection
	GlobalSection(SolutionProperties) = preSolution
		HideSolutionNode = FALSE
	EndGlobalSection
	GlobalSection(ExtensibilityGlobals) = postSolution
		SolutionGuid = {0F71C299-6D62-4C40-9E79-12B1642D75EE}
	EndGlobalSection
EndGlobal
